
Microsoft Visual Studio Solution File, Format Version 12.00
# Visual Studio 15
VisualStudioVersion = 15.0.26430.6
MinimumVisualStudioVersion = 10.0.40219.1
Project("{FAE04EC0-301F-11D3-BF4B-00C04F79EFBC}") = "CCAPPBLL", "CCAPPBLL\CCAPPBLL.csproj", "{63F57A73-17D8-498E-BF0F-B8EB3F2532C6}"
EndProject
Project("{FAE04EC0-301F-11D3-BF4B-00C04F79EFBC}") = "CCAPPDAL", "..\CCAPPDAL\CCAPPDAL.csproj", "{6DD9F516-B844-49BB-A841-3E57097641BF}"
EndProject
Project("{FAE04EC0-301F-11D3-BF4B-00C04F79EFBC}") = "CCAPPUI", "CCAPPUI\CCAPPUI.csproj", "{48C31A31-4CC4-4CF4-BC39-E50C0689A5A9}"
EndProject
Global
	GlobalSection(SolutionConfigurationPlatforms) = preSolution
		Debug|Any CPU = Debug|Any CPU
		Release|Any CPU = Release|Any CPU
	EndGlobalSection
	GlobalSection(ProjectConfigurationPlatforms) = postSolution
		{63F57A73-17D8-498E-BF0F-B8EB3F2532C6}.Debug|Any CPU.ActiveCfg = Debug|Any CPU
		{63F57A73-17D8-498E-BF0F-B8EB3F2532C6}.Debug|Any CPU.Build.0 = Debug|Any CPU
		{63F57A73-17D8-498E-BF0F-B8EB3F2532C6}.Release|Any CPU.ActiveCfg = Release|Any CPU
		{63F57A73-17D8-498E-BF0F-B8EB3F2532C6}.Release|Any CPU.Build.0 = Release|Any CPU
		{6DD9F516-B844-49BB-A841-3E57097641BF}.Debug|Any CPU.ActiveCfg = Debug|Any CPU
		{6DD9F516-B844-49BB-A841-3E57097641BF}.Debug|Any CPU.Build.0 = Debug|Any CPU
		{6DD9F516-B844-49BB-A841-3E57097641BF}.Release|Any CPU.ActiveCfg = Release|Any CPU
		{6DD9F516-B844-49BB-A841-3E57097641BF}.Release|Any CPU.Build.0 = Release|Any CPU
		{48C31A31-4CC4-4CF4-BC39-E50C0689A5A9}.Debug|Any CPU.ActiveCfg = Debug|Any CPU
		{48C31A31-4CC4-4CF4-BC39-E50C0689A5A9}.Debug|Any CPU.Build.0 = Debug|Any CPU
		{48C31A31-4CC4-4CF4-BC39-E50C0689A5A9}.Release|Any CPU.ActiveCfg = Release|Any CPU
		{48C31A31-4CC4-4CF4-BC39-E50C0689A5A9}.Release|Any CPU.Build.0 = Release|Any CPU
	EndGlobalSection
	GlobalSection(SolutionProperties) = preSolution
		HideSolutionNode = FALSE
	EndGlobalSection
	GlobalSection(TeamFoundationVersionControl) = preSolution
		SccNumberOfProjects = 4
		SccEnterpriseProvider = {4CA58AB2-18FA-4F8D-95D4-32DDF27D184C}
		SccTeamFoundationServer = https://phoenixtechconsulting.visualstudio.com/
		SccLocalPath0 = .
		SccProjectUniqueName1 = CCAPPBLL\\CCAPPBLL.csproj
		SccProjectName1 = CCAPPBLL
		SccLocalPath1 = CCAPPBLL
		SccProjectUniqueName2 = CCAPPUI\\CCAPPUI.csproj
		SccProjectName2 = CCAPPUI
		SccLocalPath2 = CCAPPUI
		SccProjectUniqueName3 = ..\\CCAPPDAL\\CCAPPDAL.csproj
		SccProjectName3 = ../CCAPPDAL
		SccLocalPath3 = ..\\CCAPPDAL
	EndGlobalSection
EndGlobal
